
Microsoft Visual Studio Solution File, Format Version 12.00
# Visual Studio 15
VisualStudioVersion = 15.0.27428.2037
MinimumVisualStudioVersion = 10.0.40219.1
Project("{8BC9CEB8-8B4A-11D0-8D11-00A0C91BC942}") = "Calibra", "Calibra.vcxproj", "{96559A33-64AB-4DE2-AC7F-2FAAF824B365}"
EndProject
Global
	GlobalSection(SolutionConfigurationPlatforms) = preSolution
		Debug|Win32 = Debug|Win32
		Debug|x64 = Debug|x64
		Release|Win32 = Release|Win32
		Release|x64 = Release|x64
	EndGlobalSection
	GlobalSection(ProjectConfigurationPlatforms) = postSolution
		{96559A33-64AB-4DE2-AC7F-2FAAF824B365}.Debug|Win32.ActiveCfg = Debug|Win32
		{96559A33-64AB-4DE2-AC7F-2FAAF824B365}.Debug|Win32.Build.0 = Debug|Win32
		{96559A33-64AB-4DE2-AC7F-2FAAF824B365}.Debug|x64.ActiveCfg = Debug|x64
		{96559A33-64AB-4DE2-AC7F-2FAAF824B365}.Debug|x64.Build.0 = Debug|x64
		{96559A33-64AB-4DE2-AC7F-2FAAF824B365}.Release|Win32.ActiveCfg = Release|Win32
		{96559A33-64AB-4DE2-AC7F-2FAAF824B365}.Release|Win32.Build.0 = Release|Win32
		{96559A33-64AB-4DE2-AC7F-2FAAF824B365}.Release|x64.ActiveCfg = Release|x64
		{96559A33-64AB-4DE2-AC7F-2FAAF824B365}.Release|x64.Build.0 = Release|x64
	EndGlobalSection
	GlobalSection(SolutionProperties) = preSolution
		HideSolutionNode = FALSE
	EndGlobalSection
	GlobalSection(ExtensibilityGlobals) = postSolution
		SolutionGuid = {184185DD-4D76-4981-B65B-D3949C00CCC0}
	EndGlobalSection
EndGlobal
